// !$*UTF8*$!
{
	archiveVersion = 1;
	classes = {
	};
	objectVersion = 56;
	objects = {

/* Begin PBXBuildFile section */
		8472C4702B443CFC001CCFA0 /* AppDelegate.swift in Sources */ = {isa = PBXBuildFile; fileRef = 8472C46F2B443CFC001CCFA0 /* AppDelegate.swift */; };
		8472C4722B443CFC001CCFA0 /* SceneDelegate.swift in Sources */ = {isa = PBXBuildFile; fileRef = 8472C4712B443CFC001CCFA0 /* SceneDelegate.swift */; };
		8472C4742B443CFC001CCFA0 /* MainController.swift in Sources */ = {isa = PBXBuildFile; fileRef = 8472C4732B443CFC001CCFA0 /* MainController.swift */; };
		8472C4792B443CFD001CCFA0 /* Assets.xcassets in Resources */ = {isa = PBXBuildFile; fileRef = 8472C4782B443CFD001CCFA0 /* Assets.xcassets */; };
		8472C47C2B443CFE001CCFA0 /* LaunchScreen.storyboard in Resources */ = {isa = PBXBuildFile; fileRef = 8472C47A2B443CFE001CCFA0 /* LaunchScreen.storyboard */; };
		8472C4882B45187D001CCFA0 /* MainView.swift in Sources */ = {isa = PBXBuildFile; fileRef = 8472C4872B45187D001CCFA0 /* MainView.swift */; };
		8472C48F2B45191F001CCFA0 /* MainModel.swift in Sources */ = {isa = PBXBuildFile; fileRef = 8472C48E2B45191F001CCFA0 /* MainModel.swift */; };
		8472C4912B451B47001CCFA0 /* UIColorExtention.swift in Sources */ = {isa = PBXBuildFile; fileRef = 8472C4902B451B47001CCFA0 /* UIColorExtention.swift */; };
		8493F2702B4812B700E1C920 /* Localizable.strings in Resources */ = {isa = PBXBuildFile; fileRef = 8493F26E2B4812B700E1C920 /* Localizable.strings */; };
		84BFE5BA2B45275400B5F141 /* GreetingsLabel.swift in Sources */ = {isa = PBXBuildFile; fileRef = 84BFE5B92B45275400B5F141 /* GreetingsLabel.swift */; };
		84BFE5BC2B45280200B5F141 /* SetupRoundButton.swift in Sources */ = {isa = PBXBuildFile; fileRef = 84BFE5BB2B45280200B5F141 /* SetupRoundButton.swift */; };
		84BFE5BF2B45303F00B5F141 /* RoundButton.swift in Sources */ = {isa = PBXBuildFile; fileRef = 84BFE5BE2B45303F00B5F141 /* RoundButton.swift */; };
		84BFE5C12B46853E00B5F141 /* SubLabel.swift in Sources */ = {isa = PBXBuildFile; fileRef = 84BFE5C02B46853E00B5F141 /* SubLabel.swift */; };
		84BFE5C92B46AE0200B5F141 /* WebViewController.swift in Sources */ = {isa = PBXBuildFile; fileRef = 84BFE5C82B46AE0200B5F141 /* WebViewController.swift */; };
		84BFE5CB2B46D66100B5F141 /* PortfolioController.swift in Sources */ = {isa = PBXBuildFile; fileRef = 84BFE5CA2B46D66100B5F141 /* PortfolioController.swift */; };
		84BFE5CD2B46D6CD00B5F141 /* PortfolioModel.swift in Sources */ = {isa = PBXBuildFile; fileRef = 84BFE5CC2B46D6CD00B5F141 /* PortfolioModel.swift */; };
		84BFE5D12B46D70300B5F141 /* PortfolioView.swift in Sources */ = {isa = PBXBuildFile; fileRef = 84BFE5D02B46D70300B5F141 /* PortfolioView.swift */; };
		84BFE5D32B46E2EB00B5F141 /* CloseButton.swift in Sources */ = {isa = PBXBuildFile; fileRef = 84BFE5D22B46E2EB00B5F141 /* CloseButton.swift */; };
		84BFE5D52B46E7E600B5F141 /* PortfolioList.swift in Sources */ = {isa = PBXBuildFile; fileRef = 84BFE5D42B46E7E600B5F141 /* PortfolioList.swift */; };
		84BFE5D82B46E9A800B5F141 /* PortfolioListCell.swift in Sources */ = {isa = PBXBuildFile; fileRef = 84BFE5D72B46E9A800B5F141 /* PortfolioListCell.swift */; };
		84BFE5DA2B47BBB700B5F141 /* WebViewModel.swift in Sources */ = {isa = PBXBuildFile; fileRef = 84BFE5D92B47BBB700B5F141 /* WebViewModel.swift */; };
		84BFE5DD2B47C46400B5F141 /* PortfolioConllectionView.swift in Sources */ = {isa = PBXBuildFile; fileRef = 84BFE5DC2B47C46400B5F141 /* PortfolioConllectionView.swift */; };
		84BFE5ED2B47D46000B5F141 /* SnapKit in Frameworks */ = {isa = PBXBuildFile; productRef = 84BFE5EC2B47D46000B5F141 /* SnapKit */; };
/* End PBXBuildFile section */

/* Begin PBXFileReference section */
		8472C46C2B443CFC001CCFA0 /* myNameIS.app */ = {isa = PBXFileReference; explicitFileType = wrapper.application; includeInIndex = 0; path = myNameIS.app; sourceTree = BUILT_PRODUCTS_DIR; };
		8472C46F2B443CFC001CCFA0 /* AppDelegate.swift */ = {isa = PBXFileReference; lastKnownFileType = sourcecode.swift; path = AppDelegate.swift; sourceTree = "<group>"; };
		8472C4712B443CFC001CCFA0 /* SceneDelegate.swift */ = {isa = PBXFileReference; lastKnownFileType = sourcecode.swift; path = SceneDelegate.swift; sourceTree = "<group>"; };
		8472C4732B443CFC001CCFA0 /* MainController.swift */ = {isa = PBXFileReference; lastKnownFileType = sourcecode.swift; path = MainController.swift; sourceTree = "<group>"; };
		8472C4782B443CFD001CCFA0 /* Assets.xcassets */ = {isa = PBXFileReference; lastKnownFileType = folder.assetcatalog; path = Assets.xcassets; sourceTree = "<group>"; };
		8472C47B2B443CFE001CCFA0 /* Base */ = {isa = PBXFileReference; lastKnownFileType = file.storyboard; name = Base; path = Base.lproj/LaunchScreen.storyboard; sourceTree = "<group>"; };
		8472C47D2B443CFE001CCFA0 /* Info.plist */ = {isa = PBXFileReference; lastKnownFileType = text.plist.xml; path = Info.plist; sourceTree = "<group>"; };
		8472C4872B45187D001CCFA0 /* MainView.swift */ = {isa = PBXFileReference; lastKnownFileType = sourcecode.swift; path = MainView.swift; sourceTree = "<group>"; };
		8472C48E2B45191F001CCFA0 /* MainModel.swift */ = {isa = PBXFileReference; lastKnownFileType = sourcecode.swift; path = MainModel.swift; sourceTree = "<group>"; };
		8472C4902B451B47001CCFA0 /* UIColorExtention.swift */ = {isa = PBXFileReference; lastKnownFileType = sourcecode.swift; path = UIColorExtention.swift; sourceTree = "<group>"; };
		8493F26F2B4812B700E1C920 /* ko */ = {isa = PBXFileReference; lastKnownFileType = text.plist.strings; name = ko; path = ko.lproj/Localizable.strings; sourceTree = "<group>"; };
		8493F2742B4813BA00E1C920 /* en */ = {isa = PBXFileReference; lastKnownFileType = text.plist.strings; name = en; path = en.lproj/Localizable.strings; sourceTree = "<group>"; };
		84BFE5B92B45275400B5F141 /* GreetingsLabel.swift */ = {isa = PBXFileReference; lastKnownFileType = sourcecode.swift; path = GreetingsLabel.swift; sourceTree = "<group>"; };
		84BFE5BB2B45280200B5F141 /* SetupRoundButton.swift */ = {isa = PBXFileReference; lastKnownFileType = sourcecode.swift; path = SetupRoundButton.swift; sourceTree = "<group>"; };
		84BFE5BE2B45303F00B5F141 /* RoundButton.swift */ = {isa = PBXFileReference; lastKnownFileType = sourcecode.swift; path = RoundButton.swift; sourceTree = "<group>"; };
		84BFE5C02B46853E00B5F141 /* SubLabel.swift */ = {isa = PBXFileReference; lastKnownFileType = sourcecode.swift; path = SubLabel.swift; sourceTree = "<group>"; };
		84BFE5C82B46AE0200B5F141 /* WebViewController.swift */ = {isa = PBXFileReference; lastKnownFileType = sourcecode.swift; path = WebViewController.swift; sourceTree = "<group>"; };
		84BFE5CA2B46D66100B5F141 /* PortfolioController.swift */ = {isa = PBXFileReference; lastKnownFileType = sourcecode.swift; path = PortfolioController.swift; sourceTree = "<group>"; };
		84BFE5CC2B46D6CD00B5F141 /* PortfolioModel.swift */ = {isa = PBXFileReference; lastKnownFileType = sourcecode.swift; path = PortfolioModel.swift; sourceTree = "<group>"; };
		84BFE5D02B46D70300B5F141 /* PortfolioView.swift */ = {isa = PBXFileReference; lastKnownFileType = sourcecode.swift; path = PortfolioView.swift; sourceTree = "<group>"; };
		84BFE5D22B46E2EB00B5F141 /* CloseButton.swift */ = {isa = PBXFileReference; lastKnownFileType = sourcecode.swift; path = CloseButton.swift; sourceTree = "<group>"; };
		84BFE5D42B46E7E600B5F141 /* PortfolioList.swift */ = {isa = PBXFileReference; lastKnownFileType = sourcecode.swift; path = PortfolioList.swift; sourceTree = "<group>"; };
		84BFE5D72B46E9A800B5F141 /* PortfolioListCell.swift */ = {isa = PBXFileReference; lastKnownFileType = sourcecode.swift; path = PortfolioListCell.swift; sourceTree = "<group>"; };
		84BFE5D92B47BBB700B5F141 /* WebViewModel.swift */ = {isa = PBXFileReference; lastKnownFileType = sourcecode.swift; path = WebViewModel.swift; sourceTree = "<group>"; };
		84BFE5DC2B47C46400B5F141 /* PortfolioConllectionView.swift */ = {isa = PBXFileReference; lastKnownFileType = sourcecode.swift; path = PortfolioConllectionView.swift; sourceTree = "<group>"; };
/* End PBXFileReference section */

/* Begin PBXFrameworksBuildPhase section */
		8472C4692B443CFC001CCFA0 /* Frameworks */ = {
			isa = PBXFrameworksBuildPhase;
			buildActionMask = 2147483647;
			files = (
				84BFE5ED2B47D46000B5F141 /* SnapKit in Frameworks */,
			);
			runOnlyForDeploymentPostprocessing = 0;
		};
/* End PBXFrameworksBuildPhase section */

/* Begin PBXGroup section */
		8472C4632B443CFC001CCFA0 = {
			isa = PBXGroup;
			children = (
				8472C46E2B443CFC001CCFA0 /* myNameIS */,
				8472C46D2B443CFC001CCFA0 /* Products */,
			);
			sourceTree = "<group>";
		};
		8472C46D2B443CFC001CCFA0 /* Products */ = {
			isa = PBXGroup;
			children = (
				8472C46C2B443CFC001CCFA0 /* myNameIS.app */,
			);
			name = Products;
			sourceTree = "<group>";
		};
		8472C46E2B443CFC001CCFA0 /* myNameIS */ = {
			isa = PBXGroup;
			children = (
				8493F2502B480FD300E1C920 /* Localization */,
				84BFE5BD2B45303000B5F141 /* UI */,
				8472C4832B4516F0001CCFA0 /* core */,
				8472C4852B451701001CCFA0 /* model */,
				8472C4842B4516F8001CCFA0 /* view */,
				8472C4862B451729001CCFA0 /* controller */,
				8472C46F2B443CFC001CCFA0 /* AppDelegate.swift */,
				8472C4712B443CFC001CCFA0 /* SceneDelegate.swift */,
				8472C4782B443CFD001CCFA0 /* Assets.xcassets */,
				8472C47A2B443CFE001CCFA0 /* LaunchScreen.storyboard */,
				8472C47D2B443CFE001CCFA0 /* Info.plist */,
			);
			path = myNameIS;
			sourceTree = "<group>";
		};
		8472C4832B4516F0001CCFA0 /* core */ = {
			isa = PBXGroup;
			children = (
				8472C4902B451B47001CCFA0 /* UIColorExtention.swift */,
			);
			path = core;
			sourceTree = "<group>";
		};
		8472C4842B4516F8001CCFA0 /* view */ = {
			isa = PBXGroup;
			children = (
				84BFE5CE2B46D6D300B5F141 /* PortfolioView */,
				84BFE5B82B45271200B5F141 /* MainView */,
			);
			path = view;
			sourceTree = "<group>";
		};
		8472C4852B451701001CCFA0 /* model */ = {
			isa = PBXGroup;
			children = (
				8472C48E2B45191F001CCFA0 /* MainModel.swift */,
				84BFE5CC2B46D6CD00B5F141 /* PortfolioModel.swift */,
				84BFE5D92B47BBB700B5F141 /* WebViewModel.swift */,
			);
			path = model;
			sourceTree = "<group>";
		};
		8472C4862B451729001CCFA0 /* controller */ = {
			isa = PBXGroup;
			children = (
				8472C4732B443CFC001CCFA0 /* MainController.swift */,
				84BFE5C82B46AE0200B5F141 /* WebViewController.swift */,
				84BFE5DB2B47C44400B5F141 /* PortfolioController */,
			);
			path = controller;
			sourceTree = "<group>";
		};
		8493F2502B480FD300E1C920 /* Localization */ = {
			isa = PBXGroup;
			children = (
				8493F26E2B4812B700E1C920 /* Localizable.strings */,
			);
			path = Localization;
			sourceTree = "<group>";
		};
		84BFE5B82B45271200B5F141 /* MainView */ = {
			isa = PBXGroup;
			children = (
				8472C4872B45187D001CCFA0 /* MainView.swift */,
				84BFE5B92B45275400B5F141 /* GreetingsLabel.swift */,
				84BFE5BB2B45280200B5F141 /* SetupRoundButton.swift */,
				84BFE5C02B46853E00B5F141 /* SubLabel.swift */,
			);
			path = MainView;
			sourceTree = "<group>";
		};
		84BFE5BD2B45303000B5F141 /* UI */ = {
			isa = PBXGroup;
			children = (
				84BFE5BE2B45303F00B5F141 /* RoundButton.swift */,
			);
			path = UI;
			sourceTree = "<group>";
		};
		84BFE5CE2B46D6D300B5F141 /* PortfolioView */ = {
			isa = PBXGroup;
			children = (
				84BFE5D02B46D70300B5F141 /* PortfolioView.swift */,
				84BFE5D22B46E2EB00B5F141 /* CloseButton.swift */,
				84BFE5D62B46E86400B5F141 /* PortfolioLsitCollectionView */,
			);
			path = PortfolioView;
			sourceTree = "<group>";
		};
		84BFE5D62B46E86400B5F141 /* PortfolioLsitCollectionView */ = {
			isa = PBXGroup;
			children = (
				84BFE5D42B46E7E600B5F141 /* PortfolioList.swift */,
				84BFE5D72B46E9A800B5F141 /* PortfolioListCell.swift */,
			);
			path = PortfolioLsitCollectionView;
			sourceTree = "<group>";
		};
		84BFE5DB2B47C44400B5F141 /* PortfolioController */ = {
			isa = PBXGroup;
			children = (
				84BFE5CA2B46D66100B5F141 /* PortfolioController.swift */,
				84BFE5DC2B47C46400B5F141 /* PortfolioConllectionView.swift */,
			);
			path = PortfolioController;
			sourceTree = "<group>";
		};
/* End PBXGroup section */

/* Begin PBXNativeTarget section */
		8472C46B2B443CFC001CCFA0 /* myNameIS */ = {
			isa = PBXNativeTarget;
			buildConfigurationList = 8472C4802B443CFE001CCFA0 /* Build configuration list for PBXNativeTarget "myNameIS" */;
			buildPhases = (
				8472C4682B443CFC001CCFA0 /* Sources */,
				8472C4692B443CFC001CCFA0 /* Frameworks */,
				8472C46A2B443CFC001CCFA0 /* Resources */,
			);
			buildRules = (
			);
			dependencies = (
			);
			name = myNameIS;
			packageProductDependencies = (
				84BFE5EC2B47D46000B5F141 /* SnapKit */,
			);
			productName = myNameIS;
			productReference = 8472C46C2B443CFC001CCFA0 /* myNameIS.app */;
			productType = "com.apple.product-type.application";
		};
/* End PBXNativeTarget section */

/* Begin PBXProject section */
		8472C4642B443CFC001CCFA0 /* Project object */ = {
			isa = PBXProject;
			attributes = {
				BuildIndependentTargetsInParallel = 1;
				LastSwiftUpdateCheck = 1500;
				LastUpgradeCheck = 1500;
				TargetAttributes = {
					8472C46B2B443CFC001CCFA0 = {
						CreatedOnToolsVersion = 15.0;
					};
				};
			};
			buildConfigurationList = 8472C4672B443CFC001CCFA0 /* Build configuration list for PBXProject "myNameIS" */;
			compatibilityVersion = "Xcode 14.0";
			developmentRegion = ko;
			hasScannedForEncodings = 0;
			knownRegions = (
				Base,
				ko,
				en,
			);
			mainGroup = 8472C4632B443CFC001CCFA0;
			packageReferences = (
				84BFE5EB2B47D46000B5F141 /* XCRemoteSwiftPackageReference "SnapKit" */,
			);
			productRefGroup = 8472C46D2B443CFC001CCFA0 /* Products */;
			projectDirPath = "";
			projectRoot = "";
			targets = (
				8472C46B2B443CFC001CCFA0 /* myNameIS */,
			);
		};
/* End PBXProject section */

/* Begin PBXResourcesBuildPhase section */
		8472C46A2B443CFC001CCFA0 /* Resources */ = {
			isa = PBXResourcesBuildPhase;
			buildActionMask = 2147483647;
			files = (
				8472C47C2B443CFE001CCFA0 /* LaunchScreen.storyboard in Resources */,
				8493F2702B4812B700E1C920 /* Localizable.strings in Resources */,
				8472C4792B443CFD001CCFA0 /* Assets.xcassets in Resources */,
			);
			runOnlyForDeploymentPostprocessing = 0;
		};
/* End PBXResourcesBuildPhase section */

/* Begin PBXSourcesBuildPhase section */
		8472C4682B443CFC001CCFA0 /* Sources */ = {
			isa = PBXSourcesBuildPhase;
			buildActionMask = 2147483647;
			files = (
				84BFE5D32B46E2EB00B5F141 /* CloseButton.swift in Sources */,
				84BFE5BF2B45303F00B5F141 /* RoundButton.swift in Sources */,
				8472C4742B443CFC001CCFA0 /* MainController.swift in Sources */,
				84BFE5CB2B46D66100B5F141 /* PortfolioController.swift in Sources */,
				84BFE5C12B46853E00B5F141 /* SubLabel.swift in Sources */,
				84BFE5BA2B45275400B5F141 /* GreetingsLabel.swift in Sources */,
				8472C4882B45187D001CCFA0 /* MainView.swift in Sources */,
				84BFE5DA2B47BBB700B5F141 /* WebViewModel.swift in Sources */,
				84BFE5BC2B45280200B5F141 /* SetupRoundButton.swift in Sources */,
				84BFE5D52B46E7E600B5F141 /* PortfolioList.swift in Sources */,
				84BFE5D82B46E9A800B5F141 /* PortfolioListCell.swift in Sources */,
				84BFE5DD2B47C46400B5F141 /* PortfolioConllectionView.swift in Sources */,
				8472C4912B451B47001CCFA0 /* UIColorExtention.swift in Sources */,
				84BFE5C92B46AE0200B5F141 /* WebViewController.swift in Sources */,
				84BFE5D12B46D70300B5F141 /* PortfolioView.swift in Sources */,
				8472C4702B443CFC001CCFA0 /* AppDelegate.swift in Sources */,
				8472C48F2B45191F001CCFA0 /* MainModel.swift in Sources */,
				8472C4722B443CFC001CCFA0 /* SceneDelegate.swift in Sources */,
				84BFE5CD2B46D6CD00B5F141 /* PortfolioModel.swift in Sources */,
			);
			runOnlyForDeploymentPostprocessing = 0;
		};
/* End PBXSourcesBuildPhase section */

/* Begin PBXVariantGroup section */
		8472C47A2B443CFE001CCFA0 /* LaunchScreen.storyboard */ = {
			isa = PBXVariantGroup;
			children = (
				8472C47B2B443CFE001CCFA0 /* Base */,
			);
			name = LaunchScreen.storyboard;
			sourceTree = "<group>";
		};
		8493F26E2B4812B700E1C920 /* Localizable.strings */ = {
			isa = PBXVariantGroup;
			children = (
				8493F26F2B4812B700E1C920 /* ko */,
				8493F2742B4813BA00E1C920 /* en */,
			);
			name = Localizable.strings;
			sourceTree = "<group>";
		};
/* End PBXVariantGroup section */

/* Begin XCBuildConfiguration section */
		8472C47E2B443CFE001CCFA0 /* Debug */ = {
			isa = XCBuildConfiguration;
			buildSettings = {
				ALWAYS_SEARCH_USER_PATHS = NO;
				ASSETCATALOG_COMPILER_GENERATE_SWIFT_ASSET_SYMBOL_EXTENSIONS = YES;
				CLANG_ANALYZER_LOCALIZABILITY_NONLOCALIZED = YES;
				CLANG_ANALYZER_NONNULL = YES;
				CLANG_ANALYZER_NUMBER_OBJECT_CONVERSION = YES_AGGRESSIVE;
				CLANG_CXX_LANGUAGE_STANDARD = "gnu++20";
				CLANG_ENABLE_MODULES = YES;
				CLANG_ENABLE_OBJC_ARC = YES;
				CLANG_ENABLE_OBJC_WEAK = YES;
				CLANG_WARN_BLOCK_CAPTURE_AUTORELEASING = YES;
				CLANG_WARN_BOOL_CONVERSION = YES;
				CLANG_WARN_COMMA = YES;
				CLANG_WARN_CONSTANT_CONVERSION = YES;
				CLANG_WARN_DEPRECATED_OBJC_IMPLEMENTATIONS = YES;
				CLANG_WARN_DIRECT_OBJC_ISA_USAGE = YES_ERROR;
				CLANG_WARN_DOCUMENTATION_COMMENTS = YES;
				CLANG_WARN_EMPTY_BODY = YES;
				CLANG_WARN_ENUM_CONVERSION = YES;
				CLANG_WARN_INFINITE_RECURSION = YES;
				CLANG_WARN_INT_CONVERSION = YES;
				CLANG_WARN_NON_LITERAL_NULL_CONVERSION = YES;
				CLANG_WARN_OBJC_IMPLICIT_RETAIN_SELF = YES;
				CLANG_WARN_OBJC_LITERAL_CONVERSION = YES;
				CLANG_WARN_OBJC_ROOT_CLASS = YES_ERROR;
				CLANG_WARN_QUOTED_INCLUDE_IN_FRAMEWORK_HEADER = YES;
				CLANG_WARN_RANGE_LOOP_ANALYSIS = YES;
				CLANG_WARN_STRICT_PROTOTYPES = YES;
				CLANG_WARN_SUSPICIOUS_MOVE = YES;
				CLANG_WARN_UNGUARDED_AVAILABILITY = YES_AGGRESSIVE;
				CLANG_WARN_UNREACHABLE_CODE = YES;
				CLANG_WARN__DUPLICATE_METHOD_MATCH = YES;
				COPY_PHASE_STRIP = NO;
				DEBUG_INFORMATION_FORMAT = dwarf;
				ENABLE_STRICT_OBJC_MSGSEND = YES;
				ENABLE_TESTABILITY = YES;
				ENABLE_USER_SCRIPT_SANDBOXING = YES;
				GCC_C_LANGUAGE_STANDARD = gnu17;
				GCC_DYNAMIC_NO_PIC = NO;
				GCC_NO_COMMON_BLOCKS = YES;
				GCC_OPTIMIZATION_LEVEL = 0;
				GCC_PREPROCESSOR_DEFINITIONS = (
					"DEBUG=1",
					"$(inherited)",
				);
				GCC_WARN_64_TO_32_BIT_CONVERSION = YES;
				GCC_WARN_ABOUT_RETURN_TYPE = YES_ERROR;
				GCC_WARN_UNDECLARED_SELECTOR = YES;
				GCC_WARN_UNINITIALIZED_AUTOS = YES_AGGRESSIVE;
				GCC_WARN_UNUSED_FUNCTION = YES;
				GCC_WARN_UNUSED_VARIABLE = YES;
				IPHONEOS_DEPLOYMENT_TARGET = 17.0;
				LOCALIZATION_PREFERS_STRING_CATALOGS = YES;
				MTL_ENABLE_DEBUG_INFO = INCLUDE_SOURCE;
				MTL_FAST_MATH = YES;
				ONLY_ACTIVE_ARCH = YES;
				SDKROOT = iphoneos;
				SWIFT_ACTIVE_COMPILATION_CONDITIONS = "DEBUG $(inherited)";
				SWIFT_OPTIMIZATION_LEVEL = "-Onone";
			};
			name = Debug;
		};
		8472C47F2B443CFE001CCFA0 /* Release */ = {
			isa = XCBuildConfiguration;
			buildSettings = {
				ALWAYS_SEARCH_USER_PATHS = NO;
				ASSETCATALOG_COMPILER_GENERATE_SWIFT_ASSET_SYMBOL_EXTENSIONS = YES;
				CLANG_ANALYZER_LOCALIZABILITY_NONLOCALIZED = YES;
				CLANG_ANALYZER_NONNULL = YES;
				CLANG_ANALYZER_NUMBER_OBJECT_CONVERSION = YES_AGGRESSIVE;
				CLANG_CXX_LANGUAGE_STANDARD = "gnu++20";
				CLANG_ENABLE_MODULES = YES;
				CLANG_ENABLE_OBJC_ARC = YES;
				CLANG_ENABLE_OBJC_WEAK = YES;
				CLANG_WARN_BLOCK_CAPTURE_AUTORELEASING = YES;
				CLANG_WARN_BOOL_CONVERSION = YES;
				CLANG_WARN_COMMA = YES;
				CLANG_WARN_CONSTANT_CONVERSION = YES;
				CLANG_WARN_DEPRECATED_OBJC_IMPLEMENTATIONS = YES;
				CLANG_WARN_DIRECT_OBJC_ISA_USAGE = YES_ERROR;
				CLANG_WARN_DOCUMENTATION_COMMENTS = YES;
				CLANG_WARN_EMPTY_BODY = YES;
				CLANG_WARN_ENUM_CONVERSION = YES;
				CLANG_WARN_INFINITE_RECURSION = YES;
				CLANG_WARN_INT_CONVERSION = YES;
				CLANG_WARN_NON_LITERAL_NULL_CONVERSION = YES;
				CLANG_WARN_OBJC_IMPLICIT_RETAIN_SELF = YES;
				CLANG_WARN_OBJC_LITERAL_CONVERSION = YES;
				CLANG_WARN_OBJC_ROOT_CLASS = YES_ERROR;
				CLANG_WARN_QUOTED_INCLUDE_IN_FRAMEWORK_HEADER = YES;
				CLANG_WARN_RANGE_LOOP_ANALYSIS = YES;
				CLANG_WARN_STRICT_PROTOTYPES = YES;
				CLANG_WARN_SUSPICIOUS_MOVE = YES;
				CLANG_WARN_UNGUARDED_AVAILABILITY = YES_AGGRESSIVE;
				CLANG_WARN_UNREACHABLE_CODE = YES;
				CLANG_WARN__DUPLICATE_METHOD_MATCH = YES;
				COPY_PHASE_STRIP = NO;
				DEBUG_INFORMATION_FORMAT = "dwarf-with-dsym";
				ENABLE_NS_ASSERTIONS = NO;
				ENABLE_STRICT_OBJC_MSGSEND = YES;
				ENABLE_USER_SCRIPT_SANDBOXING = YES;
				GCC_C_LANGUAGE_STANDARD = gnu17;
				GCC_NO_COMMON_BLOCKS = YES;
				GCC_WARN_64_TO_32_BIT_CONVERSION = YES;
				GCC_WARN_ABOUT_RETURN_TYPE = YES_ERROR;
				GCC_WARN_UNDECLARED_SELECTOR = YES;
				GCC_WARN_UNINITIALIZED_AUTOS = YES_AGGRESSIVE;
				GCC_WARN_UNUSED_FUNCTION = YES;
				GCC_WARN_UNUSED_VARIABLE = YES;
				IPHONEOS_DEPLOYMENT_TARGET = 17.0;
				LOCALIZATION_PREFERS_STRING_CATALOGS = YES;
				MTL_ENABLE_DEBUG_INFO = NO;
				MTL_FAST_MATH = YES;
				SDKROOT = iphoneos;
				SWIFT_COMPILATION_MODE = wholemodule;
				VALIDATE_PRODUCT = YES;
			};
			name = Release;
		};
		8472C4812B443CFE001CCFA0 /* Debug */ = {
			isa = XCBuildConfiguration;
			buildSettings = {
				ASSETCATALOG_COMPILER_APPICON_NAME = AppIcon;
				ASSETCATALOG_COMPILER_GLOBAL_ACCENT_COLOR_NAME = AccentColor;
				CODE_SIGN_STYLE = Automatic;
				CURRENT_PROJECT_VERSION = 1;
				DEVELOPMENT_TEAM = 2GWU9RR652;
				GENERATE_INFOPLIST_FILE = YES;
				INFOPLIST_FILE = myNameIS/Info.plist;
				INFOPLIST_KEY_UIApplicationSupportsIndirectInputEvents = YES;
				INFOPLIST_KEY_UILaunchStoryboardName = LaunchScreen;
				INFOPLIST_KEY_UIStatusBarStyle = "";
				INFOPLIST_KEY_UISupportedInterfaceOrientations_iPad = "UIInterfaceOrientationPortrait UIInterfaceOrientationPortraitUpsideDown UIInterfaceOrientationLandscapeLeft UIInterfaceOrientationLandscapeRight";
				INFOPLIST_KEY_UISupportedInterfaceOrientations_iPhone = "UIInterfaceOrientationPortrait UIInterfaceOrientationLandscapeLeft UIInterfaceOrientationLandscapeRight";
				LD_RUNPATH_SEARCH_PATHS = (
					"$(inherited)",
					"@executable_path/Frameworks",
				);
				MARKETING_VERSION = 1.0.0;
				PRODUCT_BUNDLE_IDENTIFIER = oobin.yop5292.myNameIS;
				PRODUCT_NAME = "$(TARGET_NAME)";
				SUPPORTED_PLATFORMS = "iphoneos iphonesimulator";
				SUPPORTS_MACCATALYST = NO;
				SWIFT_EMIT_LOC_STRINGS = YES;
				SWIFT_VERSION = 5.0;
				TARGETED_DEVICE_FAMILY = 1;
			};
			name = Debug;
		};
		8472C4822B443CFE001CCFA0 /* Release */ = {
			isa = XCBuildConfiguration;
			buildSettings = {
				ASSETCATALOG_COMPILER_APPICON_NAME = AppIcon;
				ASSETCATALOG_COMPILER_GLOBAL_ACCENT_COLOR_NAME = AccentColor;
				CODE_SIGN_STYLE = Automatic;
				CURRENT_PROJECT_VERSION = 1;
				DEVELOPMENT_TEAM = 2GWU9RR652;
				GENERATE_INFOPLIST_FILE = YES;
				INFOPLIST_FILE = myNameIS/Info.plist;
				INFOPLIST_KEY_UIApplicationSupportsIndirectInputEvents = YES;
				INFOPLIST_KEY_UILaunchStoryboardName = LaunchScreen;
				INFOPLIST_KEY_UIStatusBarStyle = "";
				INFOPLIST_KEY_UISupportedInterfaceOrientations_iPad = "UIInterfaceOrientationPortrait UIInterfaceOrientationPortraitUpsideDown UIInterfaceOrientationLandscapeLeft UIInterfaceOrientationLandscapeRight";
				INFOPLIST_KEY_UISupportedInterfaceOrientations_iPhone = "UIInterfaceOrientationPortrait UIInterfaceOrientationLandscapeLeft UIInterfaceOrientationLandscapeRight";
				LD_RUNPATH_SEARCH_PATHS = (
					"$(inherited)",
					"@executable_path/Frameworks",
				);
				MARKETING_VERSION = 1.0.0;
				PRODUCT_BUNDLE_IDENTIFIER = oobin.yop5292.myNameIS;
				PRODUCT_NAME = "$(TARGET_NAME)";
				SUPPORTED_PLATFORMS = "iphoneos iphonesimulator";
				SUPPORTS_MACCATALYST = NO;
				SWIFT_EMIT_LOC_STRINGS = YES;
				SWIFT_VERSION = 5.0;
				TARGETED_DEVICE_FAMILY = 1;
			};
			name = Release;
		};
/* End XCBuildConfiguration section */

/* Begin XCConfigurationList section */
		8472C4672B443CFC001CCFA0 /* Build configuration list for PBXProject "myNameIS" */ = {
			isa = XCConfigurationList;
			buildConfigurations = (
				8472C47E2B443CFE001CCFA0 /* Debug */,
				8472C47F2B443CFE001CCFA0 /* Release */,
			);
			defaultConfigurationIsVisible = 0;
			defaultConfigurationName = Release;
		};
		8472C4802B443CFE001CCFA0 /* Build configuration list for PBXNativeTarget "myNameIS" */ = {
			isa = XCConfigurationList;
			buildConfigurations = (
				8472C4812B443CFE001CCFA0 /* Debug */,
				8472C4822B443CFE001CCFA0 /* Release */,
			);
			defaultConfigurationIsVisible = 0;
			defaultConfigurationName = Release;
		};
/* End XCConfigurationList section */

/* Begin XCRemoteSwiftPackageReference section */
		84BFE5EB2B47D46000B5F141 /* XCRemoteSwiftPackageReference "SnapKit" */ = {
			isa = XCRemoteSwiftPackageReference;
			repositoryURL = "https://github.com/SnapKit/SnapKit.git";
			requirement = {
				kind = upToNextMajorVersion;
				minimumVersion = 5.7.0;
			};
		};
/* End XCRemoteSwiftPackageReference section */

/* Begin XCSwiftPackageProductDependency section */
		84BFE5EC2B47D46000B5F141 /* SnapKit */ = {
			isa = XCSwiftPackageProductDependency;
			package = 84BFE5EB2B47D46000B5F141 /* XCRemoteSwiftPackageReference "SnapKit" */;
			productName = SnapKit;
		};
/* End XCSwiftPackageProductDependency section */
	};
	rootObject = 8472C4642B443CFC001CCFA0 /* Project object */;
}
